
Microsoft Visual Studio Solution File, Format Version 12.00
# Visual Studio Version 17
VisualStudioVersion = 17.5.002.0
MinimumVisualStudioVersion = 10.0.40219.1
Project("{9A19103F-16F7-4668-BE54-9A1E7A4F7556}") = "Mythos", "Mythos.csproj", "{ABEB9A6D-F8BF-44B7-923A-7B39387715A7}"
EndProject
Global
	GlobalSection(SolutionConfigurationPlatforms) = preSolution
		Debug|Any CPU = Debug|Any CPU
		Release|Any CPU = Release|Any CPU
	EndGlobalSection
	GlobalSection(ProjectConfigurationPlatforms) = postSolution
		{ABEB9A6D-F8BF-44B7-923A-7B39387715A7}.Debug|Any CPU.ActiveCfg = Debug|Any CPU
		{ABEB9A6D-F8BF-44B7-923A-7B39387715A7}.Debug|Any CPU.Build.0 = Debug|Any CPU
		{ABEB9A6D-F8BF-44B7-923A-7B39387715A7}.Release|Any CPU.ActiveCfg = Release|Any CPU
		{ABEB9A6D-F8BF-44B7-923A-7B39387715A7}.Release|Any CPU.Build.0 = Release|Any CPU
	EndGlobalSection
	GlobalSection(SolutionProperties) = preSolution
		HideSolutionNode = FALSE
	EndGlobalSection
	GlobalSection(ExtensibilityGlobals) = postSolution
		SolutionGuid = {E710279A-7059-46A1-90D7-0871D40CC68D}
	EndGlobalSection
EndGlobal
